
Microsoft Visual Studio Solution File, Format Version 12.00
# Visual Studio Version 17
VisualStudioVersion = 17.6.33815.320
MinimumVisualStudioVersion = 10.0.40219.1
Project("{FAE04EC0-301F-11D3-BF4B-00C04F79EFBC}") = "MVCMessageWall", "MVCMessageWall\MVCMessageWall.csproj", "{959555A9-EA5A-4ABF-8322-8698BFBE455A}"
EndProject
Global
	GlobalSection(SolutionConfigurationPlatforms) = preSolution
		Debug|Any CPU = Debug|Any CPU
		Release|Any CPU = Release|Any CPU
	EndGlobalSection
	GlobalSection(ProjectConfigurationPlatforms) = postSolution
		{959555A9-EA5A-4ABF-8322-8698BFBE455A}.Debug|Any CPU.ActiveCfg = Debug|Any CPU
		{959555A9-EA5A-4ABF-8322-8698BFBE455A}.Debug|Any CPU.Build.0 = Debug|Any CPU
		{959555A9-EA5A-4ABF-8322-8698BFBE455A}.Release|Any CPU.ActiveCfg = Release|Any CPU
		{959555A9-EA5A-4ABF-8322-8698BFBE455A}.Release|Any CPU.Build.0 = Release|Any CPU
	EndGlobalSection
	GlobalSection(SolutionProperties) = preSolution
		HideSolutionNode = FALSE
	EndGlobalSection
	GlobalSection(ExtensibilityGlobals) = postSolution
		SolutionGuid = {0C87A87A-AB88-4B8C-B96F-22E0E4AC51B7}
	EndGlobalSection
EndGlobal
