
Microsoft Visual Studio Solution File, Format Version 12.00
# Visual Studio Version 17
VisualStudioVersion = 17.5.33414.496
MinimumVisualStudioVersion = 10.0.40219.1
Project("{FAE04EC0-301F-11D3-BF4B-00C04F79EFBC}") = "BattleshipLiteLibrary", "BattleshipLiteLibrary\BattleshipLiteLibrary.csproj", "{2EE18F3C-F1FB-4F74-AA2F-DD87BA129FD7}"
EndProject
Project("{FAE04EC0-301F-11D3-BF4B-00C04F79EFBC}") = "BattleshipLite", "BattleshipLiteConsoleUI\BattleshipLite.csproj", "{21A8CDCA-EC62-47DF-9760-71F055D2412E}"
EndProject
Global
	GlobalSection(SolutionConfigurationPlatforms) = preSolution
		Debug|Any CPU = Debug|Any CPU
		Release|Any CPU = Release|Any CPU
	EndGlobalSection
	GlobalSection(ProjectConfigurationPlatforms) = postSolution
		{2EE18F3C-F1FB-4F74-AA2F-DD87BA129FD7}.Debug|Any CPU.ActiveCfg = Debug|Any CPU
		{2EE18F3C-F1FB-4F74-AA2F-DD87BA129FD7}.Debug|Any CPU.Build.0 = Debug|Any CPU
		{2EE18F3C-F1FB-4F74-AA2F-DD87BA129FD7}.Release|Any CPU.ActiveCfg = Release|Any CPU
		{2EE18F3C-F1FB-4F74-AA2F-DD87BA129FD7}.Release|Any CPU.Build.0 = Release|Any CPU
		{21A8CDCA-EC62-47DF-9760-71F055D2412E}.Debug|Any CPU.ActiveCfg = Debug|Any CPU
		{21A8CDCA-EC62-47DF-9760-71F055D2412E}.Debug|Any CPU.Build.0 = Debug|Any CPU
		{21A8CDCA-EC62-47DF-9760-71F055D2412E}.Release|Any CPU.ActiveCfg = Release|Any CPU
		{21A8CDCA-EC62-47DF-9760-71F055D2412E}.Release|Any CPU.Build.0 = Release|Any CPU
	EndGlobalSection
	GlobalSection(SolutionProperties) = preSolution
		HideSolutionNode = FALSE
	EndGlobalSection
	GlobalSection(ExtensibilityGlobals) = postSolution
		SolutionGuid = {84BAE050-3773-448B-BA22-00DC6F9FCD48}
	EndGlobalSection
EndGlobal
