
Microsoft Visual Studio Solution File, Format Version 12.00
# Visual Studio Version 17
VisualStudioVersion = 17.6.33815.320
MinimumVisualStudioVersion = 10.0.40219.1
Project("{FAE04EC0-301F-11D3-BF4B-00C04F79EFBC}") = "hw_MongoUI", "hw_MongoDBUI\hw_MongoUI.csproj", "{C2CD652C-3B2A-47F4-8BDA-C40EAD550801}"
EndProject
Project("{FAE04EC0-301F-11D3-BF4B-00C04F79EFBC}") = "MongoDataAccessLibrary", "MongoDataAccessLibrary\MongoDataAccessLibrary.csproj", "{E5BDB8E8-085C-48B4-BDE4-F89A2C495092}"
EndProject
Global
	GlobalSection(SolutionConfigurationPlatforms) = preSolution
		Debug|Any CPU = Debug|Any CPU
		Release|Any CPU = Release|Any CPU
	EndGlobalSection
	GlobalSection(ProjectConfigurationPlatforms) = postSolution
		{C2CD652C-3B2A-47F4-8BDA-C40EAD550801}.Debug|Any CPU.ActiveCfg = Debug|Any CPU
		{C2CD652C-3B2A-47F4-8BDA-C40EAD550801}.Debug|Any CPU.Build.0 = Debug|Any CPU
		{C2CD652C-3B2A-47F4-8BDA-C40EAD550801}.Release|Any CPU.ActiveCfg = Release|Any CPU
		{C2CD652C-3B2A-47F4-8BDA-C40EAD550801}.Release|Any CPU.Build.0 = Release|Any CPU
		{E5BDB8E8-085C-48B4-BDE4-F89A2C495092}.Debug|Any CPU.ActiveCfg = Debug|Any CPU
		{E5BDB8E8-085C-48B4-BDE4-F89A2C495092}.Debug|Any CPU.Build.0 = Debug|Any CPU
		{E5BDB8E8-085C-48B4-BDE4-F89A2C495092}.Release|Any CPU.ActiveCfg = Release|Any CPU
		{E5BDB8E8-085C-48B4-BDE4-F89A2C495092}.Release|Any CPU.Build.0 = Release|Any CPU
	EndGlobalSection
	GlobalSection(SolutionProperties) = preSolution
		HideSolutionNode = FALSE
	EndGlobalSection
	GlobalSection(ExtensibilityGlobals) = postSolution
		SolutionGuid = {AF7F0636-6265-461B-AD36-A7D1635AC0D0}
	EndGlobalSection
EndGlobal
