
Microsoft Visual Studio Solution File, Format Version 12.00
# Visual Studio Version 17
VisualStudioVersion = 17.5.33414.496
MinimumVisualStudioVersion = 10.0.40219.1
Project("{FAE04EC0-301F-11D3-BF4B-00C04F79EFBC}") = "DemoLibrary", "DemoLibrary\DemoLibrary.csproj", "{04361AFD-9D0A-4759-A52D-E882166FA2F2}"
EndProject
Project("{FAE04EC0-301F-11D3-BF4B-00C04F79EFBC}") = "DemoLibrary.Tests", "DemoLibrary.Tests\DemoLibrary.Tests.csproj", "{20A7E0AE-A126-4228-B712-7B8C7C6D3147}"
EndProject
Project("{2150E333-8FDC-42A3-9474-1A3956D46DE8}") = "hw", "hw", "{68011A85-EA8C-4646-BB10-B63AC81DA4CF}"
EndProject
Project("{FAE04EC0-301F-11D3-BF4B-00C04F79EFBC}") = "hw_UnitTestDemoLibrary", "hw_UnitTestDemoLibrary\hw_UnitTestDemoLibrary.csproj", "{A9752577-864A-4B11-8932-AA5865F2EC0D}"
EndProject
Project("{FAE04EC0-301F-11D3-BF4B-00C04F79EFBC}") = "hw_UnitTestDemoLibrary.Tests", "hw_UnitTestDemoLibrary.Tests\hw_UnitTestDemoLibrary.Tests.csproj", "{6602433E-1818-4B7E-BBF7-4C89D74FC5E9}"
EndProject
Global
	GlobalSection(SolutionConfigurationPlatforms) = preSolution
		Debug|Any CPU = Debug|Any CPU
		Release|Any CPU = Release|Any CPU
	EndGlobalSection
	GlobalSection(ProjectConfigurationPlatforms) = postSolution
		{04361AFD-9D0A-4759-A52D-E882166FA2F2}.Debug|Any CPU.ActiveCfg = Debug|Any CPU
		{04361AFD-9D0A-4759-A52D-E882166FA2F2}.Debug|Any CPU.Build.0 = Debug|Any CPU
		{04361AFD-9D0A-4759-A52D-E882166FA2F2}.Release|Any CPU.ActiveCfg = Release|Any CPU
		{04361AFD-9D0A-4759-A52D-E882166FA2F2}.Release|Any CPU.Build.0 = Release|Any CPU
		{20A7E0AE-A126-4228-B712-7B8C7C6D3147}.Debug|Any CPU.ActiveCfg = Debug|Any CPU
		{20A7E0AE-A126-4228-B712-7B8C7C6D3147}.Debug|Any CPU.Build.0 = Debug|Any CPU
		{20A7E0AE-A126-4228-B712-7B8C7C6D3147}.Release|Any CPU.ActiveCfg = Release|Any CPU
		{20A7E0AE-A126-4228-B712-7B8C7C6D3147}.Release|Any CPU.Build.0 = Release|Any CPU
		{A9752577-864A-4B11-8932-AA5865F2EC0D}.Debug|Any CPU.ActiveCfg = Debug|Any CPU
		{A9752577-864A-4B11-8932-AA5865F2EC0D}.Debug|Any CPU.Build.0 = Debug|Any CPU
		{A9752577-864A-4B11-8932-AA5865F2EC0D}.Release|Any CPU.ActiveCfg = Release|Any CPU
		{A9752577-864A-4B11-8932-AA5865F2EC0D}.Release|Any CPU.Build.0 = Release|Any CPU
		{6602433E-1818-4B7E-BBF7-4C89D74FC5E9}.Debug|Any CPU.ActiveCfg = Debug|Any CPU
		{6602433E-1818-4B7E-BBF7-4C89D74FC5E9}.Debug|Any CPU.Build.0 = Debug|Any CPU
		{6602433E-1818-4B7E-BBF7-4C89D74FC5E9}.Release|Any CPU.ActiveCfg = Release|Any CPU
		{6602433E-1818-4B7E-BBF7-4C89D74FC5E9}.Release|Any CPU.Build.0 = Release|Any CPU
	EndGlobalSection
	GlobalSection(SolutionProperties) = preSolution
		HideSolutionNode = FALSE
	EndGlobalSection
	GlobalSection(NestedProjects) = preSolution
		{A9752577-864A-4B11-8932-AA5865F2EC0D} = {68011A85-EA8C-4646-BB10-B63AC81DA4CF}
		{6602433E-1818-4B7E-BBF7-4C89D74FC5E9} = {68011A85-EA8C-4646-BB10-B63AC81DA4CF}
	EndGlobalSection
	GlobalSection(ExtensibilityGlobals) = postSolution
		SolutionGuid = {1E7FBBD0-9BCE-4FB1-92CD-CF9B31ED9622}
	EndGlobalSection
EndGlobal
