
Microsoft Visual Studio Solution File, Format Version 12.00
# Visual Studio Version 17
VisualStudioVersion = 17.5.33414.496
MinimumVisualStudioVersion = 10.0.40219.1
Project("{FAE04EC0-301F-11D3-BF4B-00C04F79EFBC}") = "WPFMessageWall", "WPFMessageWall\WPFMessageWall.csproj", "{EF098728-137A-4BFA-900E-50A5F2CD25E8}"
EndProject
Project("{FAE04EC0-301F-11D3-BF4B-00C04F79EFBC}") = "WPFFrameworkDemoUI", "WPFFrameworkDemoUI\WPFFrameworkDemoUI.csproj", "{388D0CAD-60FF-42E1-B331-A14BD9EC2B1D}"
EndProject
Global
	GlobalSection(SolutionConfigurationPlatforms) = preSolution
		Debug|Any CPU = Debug|Any CPU
		Release|Any CPU = Release|Any CPU
	EndGlobalSection
	GlobalSection(ProjectConfigurationPlatforms) = postSolution
		{EF098728-137A-4BFA-900E-50A5F2CD25E8}.Debug|Any CPU.ActiveCfg = Debug|Any CPU
		{EF098728-137A-4BFA-900E-50A5F2CD25E8}.Debug|Any CPU.Build.0 = Debug|Any CPU
		{EF098728-137A-4BFA-900E-50A5F2CD25E8}.Release|Any CPU.ActiveCfg = Release|Any CPU
		{EF098728-137A-4BFA-900E-50A5F2CD25E8}.Release|Any CPU.Build.0 = Release|Any CPU
		{388D0CAD-60FF-42E1-B331-A14BD9EC2B1D}.Debug|Any CPU.ActiveCfg = Debug|Any CPU
		{388D0CAD-60FF-42E1-B331-A14BD9EC2B1D}.Debug|Any CPU.Build.0 = Debug|Any CPU
		{388D0CAD-60FF-42E1-B331-A14BD9EC2B1D}.Release|Any CPU.ActiveCfg = Release|Any CPU
		{388D0CAD-60FF-42E1-B331-A14BD9EC2B1D}.Release|Any CPU.Build.0 = Release|Any CPU
	EndGlobalSection
	GlobalSection(SolutionProperties) = preSolution
		HideSolutionNode = FALSE
	EndGlobalSection
	GlobalSection(ExtensibilityGlobals) = postSolution
		SolutionGuid = {DBA7BCB6-838A-4743-B1E8-A8FF8D901A41}
	EndGlobalSection
EndGlobal
